
Microsoft Visual Studio Solution File, Format Version 12.00
# Visual Studio 15
VisualStudioVersion = 15.0.28307.1321
MinimumVisualStudioVersion = 10.0.40219.1
Project("{FAE04EC0-301F-11D3-BF4B-00C04F79EFBC}") = "CSF1Homework5", "CSF1Homework5\CSF1Homework5.csproj", "{766DD9E8-4BAC-4F29-92DB-C8B35F1AEF65}"
EndProject
Global
	GlobalSection(SolutionConfigurationPlatforms) = preSolution
		Debug|Any CPU = Debug|Any CPU
		Release|Any CPU = Release|Any CPU
	EndGlobalSection
	GlobalSection(ProjectConfigurationPlatforms) = postSolution
		{766DD9E8-4BAC-4F29-92DB-C8B35F1AEF65}.Debug|Any CPU.ActiveCfg = Debug|Any CPU
		{766DD9E8-4BAC-4F29-92DB-C8B35F1AEF65}.Debug|Any CPU.Build.0 = Debug|Any CPU
		{766DD9E8-4BAC-4F29-92DB-C8B35F1AEF65}.Release|Any CPU.ActiveCfg = Release|Any CPU
		{766DD9E8-4BAC-4F29-92DB-C8B35F1AEF65}.Release|Any CPU.Build.0 = Release|Any CPU
	EndGlobalSection
	GlobalSection(SolutionProperties) = preSolution
		HideSolutionNode = FALSE
	EndGlobalSection
	GlobalSection(ExtensibilityGlobals) = postSolution
		SolutionGuid = {06BE2152-81EF-4D43-92AC-C17829E291A4}
	EndGlobalSection
EndGlobal
